
Microsoft Visual Studio Solution File, Format Version 12.00
# Visual Studio 14
VisualStudioVersion = 14.0.25420.1
MinimumVisualStudioVersion = 10.0.40219.1
Project("{FAE04EC0-301F-11D3-BF4B-00C04F79EFBC}") = "MonitoringApp.XF", "MonitoringApp.XF\MonitoringApp.XF\MonitoringApp.XF.csproj", "{6B9D48BD-E8D2-4EDB-9EDD-E0660143754F}"
EndProject
Project("{FAE04EC0-301F-11D3-BF4B-00C04F79EFBC}") = "MonitoringApp.XF.Droid", "MonitoringApp.XF\MonitoringApp.XF.Droid\MonitoringApp.XF.Droid.csproj", "{C212B4EA-16B2-4922-8198-01338B1F8C50}"
EndProject
Project("{FAE04EC0-301F-11D3-BF4B-00C04F79EFBC}") = "MonitoringApp.XF.iOS", "MonitoringApp.XF\MonitoringApp.XF.iOS\MonitoringApp.XF.iOS.csproj", "{49C40BE5-277B-4B49-9485-71F4331D3326}"
EndProject
Global
	GlobalSection(SolutionConfigurationPlatforms) = preSolution
		Ad-Hoc|Any CPU = Ad-Hoc|Any CPU
		Ad-Hoc|ARM = Ad-Hoc|ARM
		Ad-Hoc|iPhone = Ad-Hoc|iPhone
		Ad-Hoc|iPhoneSimulator = Ad-Hoc|iPhoneSimulator
		Ad-Hoc|x64 = Ad-Hoc|x64
		Ad-Hoc|x86 = Ad-Hoc|x86
		AppStore|Any CPU = AppStore|Any CPU
		AppStore|ARM = AppStore|ARM
		AppStore|iPhone = AppStore|iPhone
		AppStore|iPhoneSimulator = AppStore|iPhoneSimulator
		AppStore|x64 = AppStore|x64
		AppStore|x86 = AppStore|x86
		Debug|Any CPU = Debug|Any CPU
		Debug|ARM = Debug|ARM
		Debug|iPhone = Debug|iPhone
		Debug|iPhoneSimulator = Debug|iPhoneSimulator
		Debug|x64 = Debug|x64
		Debug|x86 = Debug|x86
		Release|Any CPU = Release|Any CPU
		Release|ARM = Release|ARM
		Release|iPhone = Release|iPhone
		Release|iPhoneSimulator = Release|iPhoneSimulator
		Release|x64 = Release|x64
		Release|x86 = Release|x86
	EndGlobalSection
	GlobalSection(ProjectConfigurationPlatforms) = postSolution
		{6B9D48BD-E8D2-4EDB-9EDD-E0660143754F}.Ad-Hoc|Any CPU.ActiveCfg = Release|Any CPU
		{6B9D48BD-E8D2-4EDB-9EDD-E0660143754F}.Ad-Hoc|Any CPU.Build.0 = Release|Any CPU
		{6B9D48BD-E8D2-4EDB-9EDD-E0660143754F}.Ad-Hoc|ARM.ActiveCfg = Release|Any CPU
		{6B9D48BD-E8D2-4EDB-9EDD-E0660143754F}.Ad-Hoc|ARM.Build.0 = Release|Any CPU
		{6B9D48BD-E8D2-4EDB-9EDD-E0660143754F}.Ad-Hoc|iPhone.ActiveCfg = Release|Any CPU
		{6B9D48BD-E8D2-4EDB-9EDD-E0660143754F}.Ad-Hoc|iPhone.Build.0 = Release|Any CPU
		{6B9D48BD-E8D2-4EDB-9EDD-E0660143754F}.Ad-Hoc|iPhoneSimulator.ActiveCfg = Release|Any CPU
		{6B9D48BD-E8D2-4EDB-9EDD-E0660143754F}.Ad-Hoc|iPhoneSimulator.Build.0 = Release|Any CPU
		{6B9D48BD-E8D2-4EDB-9EDD-E0660143754F}.Ad-Hoc|x64.ActiveCfg = Release|Any CPU
		{6B9D48BD-E8D2-4EDB-9EDD-E0660143754F}.Ad-Hoc|x64.Build.0 = Release|Any CPU
		{6B9D48BD-E8D2-4EDB-9EDD-E0660143754F}.Ad-Hoc|x86.ActiveCfg = Release|Any CPU
		{6B9D48BD-E8D2-4EDB-9EDD-E0660143754F}.Ad-Hoc|x86.Build.0 = Release|Any CPU
		{6B9D48BD-E8D2-4EDB-9EDD-E0660143754F}.AppStore|Any CPU.ActiveCfg = Release|Any CPU
		{6B9D48BD-E8D2-4EDB-9EDD-E0660143754F}.AppStore|Any CPU.Build.0 = Release|Any CPU
		{6B9D48BD-E8D2-4EDB-9EDD-E0660143754F}.AppStore|ARM.ActiveCfg = Release|Any CPU
		{6B9D48BD-E8D2-4EDB-9EDD-E0660143754F}.AppStore|ARM.Build.0 = Release|Any CPU
		{6B9D48BD-E8D2-4EDB-9EDD-E0660143754F}.AppStore|iPhone.ActiveCfg = Release|Any CPU
		{6B9D48BD-E8D2-4EDB-9EDD-E0660143754F}.AppStore|iPhone.Build.0 = Release|Any CPU
		{6B9D48BD-E8D2-4EDB-9EDD-E0660143754F}.AppStore|iPhoneSimulator.ActiveCfg = Release|Any CPU
		{6B9D48BD-E8D2-4EDB-9EDD-E0660143754F}.AppStore|iPhoneSimulator.Build.0 = Release|Any CPU
		{6B9D48BD-E8D2-4EDB-9EDD-E0660143754F}.AppStore|x64.ActiveCfg = Release|Any CPU
		{6B9D48BD-E8D2-4EDB-9EDD-E0660143754F}.AppStore|x64.Build.0 = Release|Any CPU
		{6B9D48BD-E8D2-4EDB-9EDD-E0660143754F}.AppStore|x86.ActiveCfg = Release|Any CPU
		{6B9D48BD-E8D2-4EDB-9EDD-E0660143754F}.AppStore|x86.Build.0 = Release|Any CPU
		{6B9D48BD-E8D2-4EDB-9EDD-E0660143754F}.Debug|Any CPU.ActiveCfg = Debug|Any CPU
		{6B9D48BD-E8D2-4EDB-9EDD-E0660143754F}.Debug|Any CPU.Build.0 = Debug|Any CPU
		{6B9D48BD-E8D2-4EDB-9EDD-E0660143754F}.Debug|ARM.ActiveCfg = Debug|Any CPU
		{6B9D48BD-E8D2-4EDB-9EDD-E0660143754F}.Debug|ARM.Build.0 = Debug|Any CPU
		{6B9D48BD-E8D2-4EDB-9EDD-E0660143754F}.Debug|iPhone.ActiveCfg = Debug|Any CPU
		{6B9D48BD-E8D2-4EDB-9EDD-E0660143754F}.Debug|iPhone.Build.0 = Debug|Any CPU
		{6B9D48BD-E8D2-4EDB-9EDD-E0660143754F}.Debug|iPhoneSimulator.ActiveCfg = Debug|Any CPU
		{6B9D48BD-E8D2-4EDB-9EDD-E0660143754F}.Debug|iPhoneSimulator.Build.0 = Debug|Any CPU
		{6B9D48BD-E8D2-4EDB-9EDD-E0660143754F}.Debug|x64.ActiveCfg = Debug|Any CPU
		{6B9D48BD-E8D2-4EDB-9EDD-E0660143754F}.Debug|x64.Build.0 = Debug|Any CPU
		{6B9D48BD-E8D2-4EDB-9EDD-E0660143754F}.Debug|x86.ActiveCfg = Debug|Any CPU
		{6B9D48BD-E8D2-4EDB-9EDD-E0660143754F}.Debug|x86.Build.0 = Debug|Any CPU
		{6B9D48BD-E8D2-4EDB-9EDD-E0660143754F}.Release|Any CPU.ActiveCfg = Release|Any CPU
		{6B9D48BD-E8D2-4EDB-9EDD-E0660143754F}.Release|Any CPU.Build.0 = Release|Any CPU
		{6B9D48BD-E8D2-4EDB-9EDD-E0660143754F}.Release|ARM.ActiveCfg = Release|Any CPU
		{6B9D48BD-E8D2-4EDB-9EDD-E0660143754F}.Release|ARM.Build.0 = Release|Any CPU
		{6B9D48BD-E8D2-4EDB-9EDD-E0660143754F}.Release|iPhone.ActiveCfg = Release|Any CPU
		{6B9D48BD-E8D2-4EDB-9EDD-E0660143754F}.Release|iPhone.Build.0 = Release|Any CPU
		{6B9D48BD-E8D2-4EDB-9EDD-E0660143754F}.Release|iPhoneSimulator.ActiveCfg = Release|Any CPU
		{6B9D48BD-E8D2-4EDB-9EDD-E0660143754F}.Release|iPhoneSimulator.Build.0 = Release|Any CPU
		{6B9D48BD-E8D2-4EDB-9EDD-E0660143754F}.Release|x64.ActiveCfg = Release|Any CPU
		{6B9D48BD-E8D2-4EDB-9EDD-E0660143754F}.Release|x64.Build.0 = Release|Any CPU
		{6B9D48BD-E8D2-4EDB-9EDD-E0660143754F}.Release|x86.ActiveCfg = Release|Any CPU
		{6B9D48BD-E8D2-4EDB-9EDD-E0660143754F}.Release|x86.Build.0 = Release|Any CPU
		{C212B4EA-16B2-4922-8198-01338B1F8C50}.Ad-Hoc|Any CPU.ActiveCfg = Release|Any CPU
		{C212B4EA-16B2-4922-8198-01338B1F8C50}.Ad-Hoc|Any CPU.Build.0 = Release|Any CPU
		{C212B4EA-16B2-4922-8198-01338B1F8C50}.Ad-Hoc|Any CPU.Deploy.0 = Release|Any CPU
		{C212B4EA-16B2-4922-8198-01338B1F8C50}.Ad-Hoc|ARM.ActiveCfg = Release|Any CPU
		{C212B4EA-16B2-4922-8198-01338B1F8C50}.Ad-Hoc|ARM.Build.0 = Release|Any CPU
		{C212B4EA-16B2-4922-8198-01338B1F8C50}.Ad-Hoc|ARM.Deploy.0 = Release|Any CPU
		{C212B4EA-16B2-4922-8198-01338B1F8C50}.Ad-Hoc|iPhone.ActiveCfg = Release|Any CPU
		{C212B4EA-16B2-4922-8198-01338B1F8C50}.Ad-Hoc|iPhone.Build.0 = Release|Any CPU
		{C212B4EA-16B2-4922-8198-01338B1F8C50}.Ad-Hoc|iPhone.Deploy.0 = Release|Any CPU
		{C212B4EA-16B2-4922-8198-01338B1F8C50}.Ad-Hoc|iPhoneSimulator.ActiveCfg = Release|Any CPU
		{C212B4EA-16B2-4922-8198-01338B1F8C50}.Ad-Hoc|iPhoneSimulator.Build.0 = Release|Any CPU
		{C212B4EA-16B2-4922-8198-01338B1F8C50}.Ad-Hoc|iPhoneSimulator.Deploy.0 = Release|Any CPU
		{C212B4EA-16B2-4922-8198-01338B1F8C50}.Ad-Hoc|x64.ActiveCfg = Release|Any CPU
		{C212B4EA-16B2-4922-8198-01338B1F8C50}.Ad-Hoc|x64.Build.0 = Release|Any CPU
		{C212B4EA-16B2-4922-8198-01338B1F8C50}.Ad-Hoc|x64.Deploy.0 = Release|Any CPU
		{C212B4EA-16B2-4922-8198-01338B1F8C50}.Ad-Hoc|x86.ActiveCfg = Release|Any CPU
		{C212B4EA-16B2-4922-8198-01338B1F8C50}.Ad-Hoc|x86.Build.0 = Release|Any CPU
		{C212B4EA-16B2-4922-8198-01338B1F8C50}.Ad-Hoc|x86.Deploy.0 = Release|Any CPU
		{C212B4EA-16B2-4922-8198-01338B1F8C50}.AppStore|Any CPU.ActiveCfg = Release|Any CPU
		{C212B4EA-16B2-4922-8198-01338B1F8C50}.AppStore|Any CPU.Build.0 = Release|Any CPU
		{C212B4EA-16B2-4922-8198-01338B1F8C50}.AppStore|Any CPU.Deploy.0 = Release|Any CPU
		{C212B4EA-16B2-4922-8198-01338B1F8C50}.AppStore|ARM.ActiveCfg = Release|Any CPU
		{C212B4EA-16B2-4922-8198-01338B1F8C50}.AppStore|ARM.Build.0 = Release|Any CPU
		{C212B4EA-16B2-4922-8198-01338B1F8C50}.AppStore|ARM.Deploy.0 = Release|Any CPU
		{C212B4EA-16B2-4922-8198-01338B1F8C50}.AppStore|iPhone.ActiveCfg = Release|Any CPU
		{C212B4EA-16B2-4922-8198-01338B1F8C50}.AppStore|iPhone.Build.0 = Release|Any CPU
		{C212B4EA-16B2-4922-8198-01338B1F8C50}.AppStore|iPhone.Deploy.0 = Release|Any CPU
		{C212B4EA-16B2-4922-8198-01338B1F8C50}.AppStore|iPhoneSimulator.ActiveCfg = Release|Any CPU
		{C212B4EA-16B2-4922-8198-01338B1F8C50}.AppStore|iPhoneSimulator.Build.0 = Release|Any CPU
		{C212B4EA-16B2-4922-8198-01338B1F8C50}.AppStore|iPhoneSimulator.Deploy.0 = Release|Any CPU
		{C212B4EA-16B2-4922-8198-01338B1F8C50}.AppStore|x64.ActiveCfg = Release|Any CPU
		{C212B4EA-16B2-4922-8198-01338B1F8C50}.AppStore|x64.Build.0 = Release|Any CPU
		{C212B4EA-16B2-4922-8198-01338B1F8C50}.AppStore|x64.Deploy.0 = Release|Any CPU
		{C212B4EA-16B2-4922-8198-01338B1F8C50}.AppStore|x86.ActiveCfg = Release|Any CPU
		{C212B4EA-16B2-4922-8198-01338B1F8C50}.AppStore|x86.Build.0 = Release|Any CPU
		{C212B4EA-16B2-4922-8198-01338B1F8C50}.AppStore|x86.Deploy.0 = Release|Any CPU
		{C212B4EA-16B2-4922-8198-01338B1F8C50}.Debug|Any CPU.ActiveCfg = Debug|Any CPU
		{C212B4EA-16B2-4922-8198-01338B1F8C50}.Debug|Any CPU.Build.0 = Debug|Any CPU
		{C212B4EA-16B2-4922-8198-01338B1F8C50}.Debug|Any CPU.Deploy.0 = Debug|Any CPU
		{C212B4EA-16B2-4922-8198-01338B1F8C50}.Debug|ARM.ActiveCfg = Debug|Any CPU
		{C212B4EA-16B2-4922-8198-01338B1F8C50}.Debug|ARM.Build.0 = Debug|Any CPU
		{C212B4EA-16B2-4922-8198-01338B1F8C50}.Debug|ARM.Deploy.0 = Debug|Any CPU
		{C212B4EA-16B2-4922-8198-01338B1F8C50}.Debug|iPhone.ActiveCfg = Debug|Any CPU
		{C212B4EA-16B2-4922-8198-01338B1F8C50}.Debug|iPhone.Build.0 = Debug|Any CPU
		{C212B4EA-16B2-4922-8198-01338B1F8C50}.Debug|iPhone.Deploy.0 = Debug|Any CPU
		{C212B4EA-16B2-4922-8198-01338B1F8C50}.Debug|iPhoneSimulator.ActiveCfg = Debug|Any CPU
		{C212B4EA-16B2-4922-8198-01338B1F8C50}.Debug|iPhoneSimulator.Build.0 = Debug|Any CPU
		{C212B4EA-16B2-4922-8198-01338B1F8C50}.Debug|iPhoneSimulator.Deploy.0 = Debug|Any CPU
		{C212B4EA-16B2-4922-8198-01338B1F8C50}.Debug|x64.ActiveCfg = Debug|Any CPU
		{C212B4EA-16B2-4922-8198-01338B1F8C50}.Debug|x64.Build.0 = Debug|Any CPU
		{C212B4EA-16B2-4922-8198-01338B1F8C50}.Debug|x64.Deploy.0 = Debug|Any CPU
		{C212B4EA-16B2-4922-8198-01338B1F8C50}.Debug|x86.ActiveCfg = Debug|Any CPU
		{C212B4EA-16B2-4922-8198-01338B1F8C50}.Debug|x86.Build.0 = Debug|Any CPU
		{C212B4EA-16B2-4922-8198-01338B1F8C50}.Debug|x86.Deploy.0 = Debug|Any CPU
		{C212B4EA-16B2-4922-8198-01338B1F8C50}.Release|Any CPU.ActiveCfg = Release|Any CPU
		{C212B4EA-16B2-4922-8198-01338B1F8C50}.Release|Any CPU.Build.0 = Release|Any CPU
		{C212B4EA-16B2-4922-8198-01338B1F8C50}.Release|Any CPU.Deploy.0 = Release|Any CPU
		{C212B4EA-16B2-4922-8198-01338B1F8C50}.Release|ARM.ActiveCfg = Release|Any CPU
		{C212B4EA-16B2-4922-8198-01338B1F8C50}.Release|ARM.Build.0 = Release|Any CPU
		{C212B4EA-16B2-4922-8198-01338B1F8C50}.Release|ARM.Deploy.0 = Release|Any CPU
		{C212B4EA-16B2-4922-8198-01338B1F8C50}.Release|iPhone.ActiveCfg = Release|Any CPU
		{C212B4EA-16B2-4922-8198-01338B1F8C50}.Release|iPhone.Build.0 = Release|Any CPU
		{C212B4EA-16B2-4922-8198-01338B1F8C50}.Release|iPhone.Deploy.0 = Release|Any CPU
		{C212B4EA-16B2-4922-8198-01338B1F8C50}.Release|iPhoneSimulator.ActiveCfg = Release|Any CPU
		{C212B4EA-16B2-4922-8198-01338B1F8C50}.Release|iPhoneSimulator.Build.0 = Release|Any CPU
		{C212B4EA-16B2-4922-8198-01338B1F8C50}.Release|iPhoneSimulator.Deploy.0 = Release|Any CPU
		{C212B4EA-16B2-4922-8198-01338B1F8C50}.Release|x64.ActiveCfg = Release|Any CPU
		{C212B4EA-16B2-4922-8198-01338B1F8C50}.Release|x64.Build.0 = Release|Any CPU
		{C212B4EA-16B2-4922-8198-01338B1F8C50}.Release|x64.Deploy.0 = Release|Any CPU
		{C212B4EA-16B2-4922-8198-01338B1F8C50}.Release|x86.ActiveCfg = Release|Any CPU
		{C212B4EA-16B2-4922-8198-01338B1F8C50}.Release|x86.Build.0 = Release|Any CPU
		{C212B4EA-16B2-4922-8198-01338B1F8C50}.Release|x86.Deploy.0 = Release|Any CPU
		{49C40BE5-277B-4B49-9485-71F4331D3326}.Ad-Hoc|Any CPU.ActiveCfg = Ad-Hoc|iPhone
		{49C40BE5-277B-4B49-9485-71F4331D3326}.Ad-Hoc|ARM.ActiveCfg = Ad-Hoc|iPhone
		{49C40BE5-277B-4B49-9485-71F4331D3326}.Ad-Hoc|iPhone.ActiveCfg = Ad-Hoc|iPhone
		{49C40BE5-277B-4B49-9485-71F4331D3326}.Ad-Hoc|iPhone.Build.0 = Ad-Hoc|iPhone
		{49C40BE5-277B-4B49-9485-71F4331D3326}.Ad-Hoc|iPhoneSimulator.ActiveCfg = Ad-Hoc|iPhoneSimulator
		{49C40BE5-277B-4B49-9485-71F4331D3326}.Ad-Hoc|iPhoneSimulator.Build.0 = Ad-Hoc|iPhoneSimulator
		{49C40BE5-277B-4B49-9485-71F4331D3326}.Ad-Hoc|x64.ActiveCfg = Ad-Hoc|iPhone
		{49C40BE5-277B-4B49-9485-71F4331D3326}.Ad-Hoc|x86.ActiveCfg = Ad-Hoc|iPhone
		{49C40BE5-277B-4B49-9485-71F4331D3326}.AppStore|Any CPU.ActiveCfg = AppStore|iPhone
		{49C40BE5-277B-4B49-9485-71F4331D3326}.AppStore|ARM.ActiveCfg = AppStore|iPhone
		{49C40BE5-277B-4B49-9485-71F4331D3326}.AppStore|iPhone.ActiveCfg = AppStore|iPhone
		{49C40BE5-277B-4B49-9485-71F4331D3326}.AppStore|iPhone.Build.0 = AppStore|iPhone
		{49C40BE5-277B-4B49-9485-71F4331D3326}.AppStore|iPhoneSimulator.ActiveCfg = AppStore|iPhoneSimulator
		{49C40BE5-277B-4B49-9485-71F4331D3326}.AppStore|iPhoneSimulator.Build.0 = AppStore|iPhoneSimulator
		{49C40BE5-277B-4B49-9485-71F4331D3326}.AppStore|x64.ActiveCfg = AppStore|iPhone
		{49C40BE5-277B-4B49-9485-71F4331D3326}.AppStore|x86.ActiveCfg = AppStore|iPhone
		{49C40BE5-277B-4B49-9485-71F4331D3326}.Debug|Any CPU.ActiveCfg = Debug|iPhone
		{49C40BE5-277B-4B49-9485-71F4331D3326}.Debug|ARM.ActiveCfg = Debug|iPhone
		{49C40BE5-277B-4B49-9485-71F4331D3326}.Debug|iPhone.ActiveCfg = Debug|iPhone
		{49C40BE5-277B-4B49-9485-71F4331D3326}.Debug|iPhone.Build.0 = Debug|iPhone
		{49C40BE5-277B-4B49-9485-71F4331D3326}.Debug|iPhoneSimulator.ActiveCfg = Debug|iPhoneSimulator
		{49C40BE5-277B-4B49-9485-71F4331D3326}.Debug|iPhoneSimulator.Build.0 = Debug|iPhoneSimulator
		{49C40BE5-277B-4B49-9485-71F4331D3326}.Debug|x64.ActiveCfg = Debug|iPhone
		{49C40BE5-277B-4B49-9485-71F4331D3326}.Debug|x86.ActiveCfg = Debug|iPhone
		{49C40BE5-277B-4B49-9485-71F4331D3326}.Release|Any CPU.ActiveCfg = Release|iPhone
		{49C40BE5-277B-4B49-9485-71F4331D3326}.Release|ARM.ActiveCfg = Release|iPhone
		{49C40BE5-277B-4B49-9485-71F4331D3326}.Release|iPhone.ActiveCfg = Release|iPhone
		{49C40BE5-277B-4B49-9485-71F4331D3326}.Release|iPhone.Build.0 = Release|iPhone
		{49C40BE5-277B-4B49-9485-71F4331D3326}.Release|iPhoneSimulator.ActiveCfg = Release|iPhoneSimulator
		{49C40BE5-277B-4B49-9485-71F4331D3326}.Release|iPhoneSimulator.Build.0 = Release|iPhoneSimulator
		{49C40BE5-277B-4B49-9485-71F4331D3326}.Release|x64.ActiveCfg = Release|iPhone
		{49C40BE5-277B-4B49-9485-71F4331D3326}.Release|x86.ActiveCfg = Release|iPhone
	EndGlobalSection
	GlobalSection(SolutionProperties) = preSolution
		HideSolutionNode = FALSE
	EndGlobalSection
EndGlobal
